
Microsoft Visual Studio Solution File, Format Version 12.00
# Visual Studio 15
VisualStudioVersion = 15.0.28307.779
MinimumVisualStudioVersion = 10.0.40219.1
Project("{E24C65DC-7377-472B-9ABA-BC803B73C61A}") = "wVendingMachine2", "wVendingMachine2\", "{95B33D85-09AF-433D-92D4-2064EC065332}"
	ProjectSection(WebsiteProperties) = preProject
		TargetFrameworkMoniker = ".NETFramework,Version%3Dv4.6.1"
		Debug.AspNetCompiler.VirtualPath = "/localhost_55245"
		Debug.AspNetCompiler.PhysicalPath = "wVendingMachine2\"
		Debug.AspNetCompiler.TargetPath = "PrecompiledWeb\localhost_55245\"
		Debug.AspNetCompiler.Updateable = "true"
		Debug.AspNetCompiler.ForceOverwrite = "true"
		Debug.AspNetCompiler.FixedNames = "false"
		Debug.AspNetCompiler.Debug = "True"
		Release.AspNetCompiler.VirtualPath = "/localhost_55245"
		Release.AspNetCompiler.PhysicalPath = "wVendingMachine2\"
		Release.AspNetCompiler.TargetPath = "PrecompiledWeb\localhost_55245\"
		Release.AspNetCompiler.Updateable = "true"
		Release.AspNetCompiler.ForceOverwrite = "true"
		Release.AspNetCompiler.FixedNames = "false"
		Release.AspNetCompiler.Debug = "False"
		VWDPort = "55245"
		SlnRelativePath = "wVendingMachine2\"
		DefaultWebSiteLanguage = "Visual C#"
	EndProjectSection
EndProject
Global
	GlobalSection(SolutionConfigurationPlatforms) = preSolution
		Debug|Any CPU = Debug|Any CPU
	EndGlobalSection
	GlobalSection(ProjectConfigurationPlatforms) = postSolution
		{95B33D85-09AF-433D-92D4-2064EC065332}.Debug|Any CPU.ActiveCfg = Debug|Any CPU
		{95B33D85-09AF-433D-92D4-2064EC065332}.Debug|Any CPU.Build.0 = Debug|Any CPU
	EndGlobalSection
	GlobalSection(SolutionProperties) = preSolution
		HideSolutionNode = FALSE
	EndGlobalSection
	GlobalSection(ExtensibilityGlobals) = postSolution
		SolutionGuid = {42AE7DE6-08A9-49A1-B7C8-F8EBDC5F8102}
	EndGlobalSection
EndGlobal
